
Microsoft Visual Studio Solution File, Format Version 12.00
# Visual Studio Version 16
VisualStudioVersion = 16.0.31112.23
MinimumVisualStudioVersion = 10.0.40219.1
Project("{FAE04EC0-301F-11D3-BF4B-00C04F79EFBC}") = "ListViewUwp1", "ListView1\ListViewUwp1.csproj", "{F4AAFF9B-9D66-4354-9E60-A469BAC5593E}"
EndProject
Project("{9A19103F-16F7-4668-BE54-9A1E7A4F7556}") = "SimpleData", "SimpleData\SimpleData.csproj", "{31570335-BEBB-4796-924C-CD1D6410F851}"
EndProject
Project("{C7167F0D-BC9F-4E6E-AFE1-012C56B48DB5}") = "ListViewWinUI1 (Package)", "ListViewWinUI1\ListViewWinUI1 (Package)\ListViewWinUI1 (Package).wapproj", "{BF0E2806-B4B3-4982-BB86-177D070E5F34}"
EndProject
Project("{9A19103F-16F7-4668-BE54-9A1E7A4F7556}") = "ListViewWinUI1", "ListViewWinUI1\ListViewWinUI1\ListViewWinUI1.csproj", "{FA405884-53B4-4826-9C21-EC322E364E40}"
EndProject
Project("{2150E333-8FDC-42A3-9474-1A3956D46DE8}") = "GitHub", "GitHub", "{E5F0ED0A-0559-4328-A534-92214F5F9D2A}"
	ProjectSection(SolutionItems) = preProject
		LICENSE.txt = LICENSE.txt
		README.md = README.md
	EndProjectSection
EndProject
Project("{FAE04EC0-301F-11D3-BF4B-00C04F79EFBC}") = "DataGridUwp1", "DataGrid1\DataGridUwp1.csproj", "{52AF0184-5EFF-4AAB-9D33-F380A13E2B4D}"
EndProject
Project("{C7167F0D-BC9F-4E6E-AFE1-012C56B48DB5}") = "DataGridWinUI1 (Package)", "DataGridWinUI1\DataGridWinUI1 (Package)\DataGridWinUI1 (Package).wapproj", "{7769D9D1-55B9-4870-86A3-CF98D490DBD9}"
EndProject
Project("{9A19103F-16F7-4668-BE54-9A1E7A4F7556}") = "DataGridWinUI1", "DataGridWinUI1\DataGridWinUI1\DataGridWinUI1.csproj", "{584FEB0E-3C96-4EFB-BC29-C9952D0A6F79}"
EndProject
Project("{FAE04EC0-301F-11D3-BF4B-00C04F79EFBC}") = "TabViewUwp1", "TabView1\TabViewUwp1.csproj", "{0C9BEE51-4464-4D16-8FCA-0E9EE7A898CE}"
EndProject
Project("{C7167F0D-BC9F-4E6E-AFE1-012C56B48DB5}") = "TabViewWinUI1 (Package)", "TabViewWinUI1\TabViewWinUI1 (Package)\TabViewWinUI1 (Package).wapproj", "{78DA8A7C-7D9B-491D-B297-5D1B2C8B9D55}"
EndProject
Project("{9A19103F-16F7-4668-BE54-9A1E7A4F7556}") = "TabViewWinUI1", "TabViewWinUI1\TabViewWinUI1\TabViewWinUI1.csproj", "{AE4420DD-D074-45E2-B76C-D69B45304E0D}"
EndProject
Project("{FAE04EC0-301F-11D3-BF4B-00C04F79EFBC}") = "GridViewUwp1", "GridView1\GridViewUwp1.csproj", "{A09CA3C7-FD8E-4748-9002-F4F6FF6CA520}"
EndProject
Project("{C7167F0D-BC9F-4E6E-AFE1-012C56B48DB5}") = "GridViewWinUI1 (Package)", "GridViewWinUI1\GridViewWinUI1 (Package)\GridViewWinUI1 (Package).wapproj", "{0F5AC02B-041F-44F8-AA4A-3B1485D94F7B}"
EndProject
Project("{9A19103F-16F7-4668-BE54-9A1E7A4F7556}") = "GridViewWinUI1", "GridViewWinUI1\GridViewWinUI1\GridViewWinUI1.csproj", "{F0A492FD-2F7B-4E31-AF10-9A06167E9588}"
EndProject
Project("{FAE04EC0-301F-11D3-BF4B-00C04F79EFBC}") = "WebViewUwp1", "WebView1\WebViewUwp1.csproj", "{648EAC37-5F62-43BC-8AB5-4064FCF51D18}"
EndProject
Project("{C7167F0D-BC9F-4E6E-AFE1-012C56B48DB5}") = "WebViewWinUI1 (Package)", "WebViewWinUI1\WebViewWinUI1 (Package)\WebViewWinUI1 (Package).wapproj", "{CFCD251C-4F34-459C-B3A0-9D312D4A24F4}"
EndProject
Project("{9A19103F-16F7-4668-BE54-9A1E7A4F7556}") = "WebViewWinUI1", "WebViewWinUI1\WebViewWinUI1\WebViewWinUI1.csproj", "{3024D162-4A64-485A-A64B-C962D01437FB}"
EndProject
Project("{FAE04EC0-301F-11D3-BF4B-00C04F79EFBC}") = "ListBoxUwp1", "ListBox1\ListBoxUwp1.csproj", "{F5190CEE-2C4D-4B36-A0E0-65E8F2683562}"
EndProject
Project("{C7167F0D-BC9F-4E6E-AFE1-012C56B48DB5}") = "ListBoxWinUI1 (Package)", "ListBoxWinUI1\ListBoxWinUI1 (Package)\ListBoxWinUI1 (Package).wapproj", "{AA9ED44B-2C7D-48FC-8B08-CDE6EE046FBC}"
EndProject
Project("{FAE04EC0-301F-11D3-BF4B-00C04F79EFBC}") = "ListBoxWinUI1", "ListBoxWinUI1\ListBoxWinUI1\ListBoxWinUI1.csproj", "{49B3B3B7-833E-475F-824D-193C57D6C343}"
EndProject
Global
	GlobalSection(SolutionConfigurationPlatforms) = preSolution
		Debug|Any CPU = Debug|Any CPU
		Debug|ARM = Debug|ARM
		Debug|ARM64 = Debug|ARM64
		Debug|x64 = Debug|x64
		Debug|x86 = Debug|x86
		Release|Any CPU = Release|Any CPU
		Release|ARM = Release|ARM
		Release|ARM64 = Release|ARM64
		Release|x64 = Release|x64
		Release|x86 = Release|x86
	EndGlobalSection
	GlobalSection(ProjectConfigurationPlatforms) = postSolution
		{F4AAFF9B-9D66-4354-9E60-A469BAC5593E}.Debug|Any CPU.ActiveCfg = Debug|x86
		{F4AAFF9B-9D66-4354-9E60-A469BAC5593E}.Debug|ARM.ActiveCfg = Debug|ARM
		{F4AAFF9B-9D66-4354-9E60-A469BAC5593E}.Debug|ARM.Build.0 = Debug|ARM
		{F4AAFF9B-9D66-4354-9E60-A469BAC5593E}.Debug|ARM.Deploy.0 = Debug|ARM
		{F4AAFF9B-9D66-4354-9E60-A469BAC5593E}.Debug|ARM64.ActiveCfg = Debug|ARM64
		{F4AAFF9B-9D66-4354-9E60-A469BAC5593E}.Debug|ARM64.Build.0 = Debug|ARM64
		{F4AAFF9B-9D66-4354-9E60-A469BAC5593E}.Debug|ARM64.Deploy.0 = Debug|ARM64
		{F4AAFF9B-9D66-4354-9E60-A469BAC5593E}.Debug|x64.ActiveCfg = Debug|x64
		{F4AAFF9B-9D66-4354-9E60-A469BAC5593E}.Debug|x64.Build.0 = Debug|x64
		{F4AAFF9B-9D66-4354-9E60-A469BAC5593E}.Debug|x64.Deploy.0 = Debug|x64
		{F4AAFF9B-9D66-4354-9E60-A469BAC5593E}.Debug|x86.ActiveCfg = Debug|x86
		{F4AAFF9B-9D66-4354-9E60-A469BAC5593E}.Debug|x86.Build.0 = Debug|x86
		{F4AAFF9B-9D66-4354-9E60-A469BAC5593E}.Debug|x86.Deploy.0 = Debug|x86
		{F4AAFF9B-9D66-4354-9E60-A469BAC5593E}.Release|Any CPU.ActiveCfg = Release|x86
		{F4AAFF9B-9D66-4354-9E60-A469BAC5593E}.Release|ARM.ActiveCfg = Release|ARM
		{F4AAFF9B-9D66-4354-9E60-A469BAC5593E}.Release|ARM.Build.0 = Release|ARM
		{F4AAFF9B-9D66-4354-9E60-A469BAC5593E}.Release|ARM.Deploy.0 = Release|ARM
		{F4AAFF9B-9D66-4354-9E60-A469BAC5593E}.Release|ARM64.ActiveCfg = Release|ARM64
		{F4AAFF9B-9D66-4354-9E60-A469BAC5593E}.Release|ARM64.Build.0 = Release|ARM64
		{F4AAFF9B-9D66-4354-9E60-A469BAC5593E}.Release|ARM64.Deploy.0 = Release|ARM64
		{F4AAFF9B-9D66-4354-9E60-A469BAC5593E}.Release|x64.ActiveCfg = Release|x64
		{F4AAFF9B-9D66-4354-9E60-A469BAC5593E}.Release|x64.Build.0 = Release|x64
		{F4AAFF9B-9D66-4354-9E60-A469BAC5593E}.Release|x64.Deploy.0 = Release|x64
		{F4AAFF9B-9D66-4354-9E60-A469BAC5593E}.Release|x86.ActiveCfg = Release|x86
		{F4AAFF9B-9D66-4354-9E60-A469BAC5593E}.Release|x86.Build.0 = Release|x86
		{F4AAFF9B-9D66-4354-9E60-A469BAC5593E}.Release|x86.Deploy.0 = Release|x86
		{31570335-BEBB-4796-924C-CD1D6410F851}.Debug|Any CPU.ActiveCfg = Debug|Any CPU
		{31570335-BEBB-4796-924C-CD1D6410F851}.Debug|Any CPU.Build.0 = Debug|Any CPU
		{31570335-BEBB-4796-924C-CD1D6410F851}.Debug|ARM.ActiveCfg = Debug|Any CPU
		{31570335-BEBB-4796-924C-CD1D6410F851}.Debug|ARM.Build.0 = Debug|Any CPU
		{31570335-BEBB-4796-924C-CD1D6410F851}.Debug|ARM64.ActiveCfg = Debug|Any CPU
		{31570335-BEBB-4796-924C-CD1D6410F851}.Debug|ARM64.Build.0 = Debug|Any CPU
		{31570335-BEBB-4796-924C-CD1D6410F851}.Debug|x64.ActiveCfg = Debug|Any CPU
		{31570335-BEBB-4796-924C-CD1D6410F851}.Debug|x64.Build.0 = Debug|Any CPU
		{31570335-BEBB-4796-924C-CD1D6410F851}.Debug|x86.ActiveCfg = Debug|Any CPU
		{31570335-BEBB-4796-924C-CD1D6410F851}.Debug|x86.Build.0 = Debug|Any CPU
		{31570335-BEBB-4796-924C-CD1D6410F851}.Release|Any CPU.ActiveCfg = Release|Any CPU
		{31570335-BEBB-4796-924C-CD1D6410F851}.Release|Any CPU.Build.0 = Release|Any CPU
		{31570335-BEBB-4796-924C-CD1D6410F851}.Release|ARM.ActiveCfg = Release|Any CPU
		{31570335-BEBB-4796-924C-CD1D6410F851}.Release|ARM.Build.0 = Release|Any CPU
		{31570335-BEBB-4796-924C-CD1D6410F851}.Release|ARM64.ActiveCfg = Release|Any CPU
		{31570335-BEBB-4796-924C-CD1D6410F851}.Release|ARM64.Build.0 = Release|Any CPU
		{31570335-BEBB-4796-924C-CD1D6410F851}.Release|x64.ActiveCfg = Release|Any CPU
		{31570335-BEBB-4796-924C-CD1D6410F851}.Release|x64.Build.0 = Release|Any CPU
		{31570335-BEBB-4796-924C-CD1D6410F851}.Release|x86.ActiveCfg = Release|Any CPU
		{31570335-BEBB-4796-924C-CD1D6410F851}.Release|x86.Build.0 = Release|Any CPU
		{BF0E2806-B4B3-4982-BB86-177D070E5F34}.Debug|Any CPU.ActiveCfg = Debug|x86
		{BF0E2806-B4B3-4982-BB86-177D070E5F34}.Debug|ARM.ActiveCfg = Debug|x86
		{BF0E2806-B4B3-4982-BB86-177D070E5F34}.Debug|ARM64.ActiveCfg = Debug|arm64
		{BF0E2806-B4B3-4982-BB86-177D070E5F34}.Debug|ARM64.Build.0 = Debug|arm64
		{BF0E2806-B4B3-4982-BB86-177D070E5F34}.Debug|ARM64.Deploy.0 = Debug|arm64
		{BF0E2806-B4B3-4982-BB86-177D070E5F34}.Debug|x64.ActiveCfg = Debug|x64
		{BF0E2806-B4B3-4982-BB86-177D070E5F34}.Debug|x64.Build.0 = Debug|x64
		{BF0E2806-B4B3-4982-BB86-177D070E5F34}.Debug|x64.Deploy.0 = Debug|x64
		{BF0E2806-B4B3-4982-BB86-177D070E5F34}.Debug|x86.ActiveCfg = Debug|x86
		{BF0E2806-B4B3-4982-BB86-177D070E5F34}.Debug|x86.Build.0 = Debug|x86
		{BF0E2806-B4B3-4982-BB86-177D070E5F34}.Debug|x86.Deploy.0 = Debug|x86
		{BF0E2806-B4B3-4982-BB86-177D070E5F34}.Release|Any CPU.ActiveCfg = Release|x86
		{BF0E2806-B4B3-4982-BB86-177D070E5F34}.Release|ARM.ActiveCfg = Release|x86
		{BF0E2806-B4B3-4982-BB86-177D070E5F34}.Release|ARM64.ActiveCfg = Release|arm64
		{BF0E2806-B4B3-4982-BB86-177D070E5F34}.Release|ARM64.Build.0 = Release|arm64
		{BF0E2806-B4B3-4982-BB86-177D070E5F34}.Release|ARM64.Deploy.0 = Release|arm64
		{BF0E2806-B4B3-4982-BB86-177D070E5F34}.Release|x64.ActiveCfg = Release|x64
		{BF0E2806-B4B3-4982-BB86-177D070E5F34}.Release|x64.Build.0 = Release|x64
		{BF0E2806-B4B3-4982-BB86-177D070E5F34}.Release|x64.Deploy.0 = Release|x64
		{BF0E2806-B4B3-4982-BB86-177D070E5F34}.Release|x86.ActiveCfg = Release|x86
		{BF0E2806-B4B3-4982-BB86-177D070E5F34}.Release|x86.Build.0 = Release|x86
		{BF0E2806-B4B3-4982-BB86-177D070E5F34}.Release|x86.Deploy.0 = Release|x86
		{FA405884-53B4-4826-9C21-EC322E364E40}.Debug|Any CPU.ActiveCfg = Debug|x86
		{FA405884-53B4-4826-9C21-EC322E364E40}.Debug|ARM.ActiveCfg = Debug|x86
		{FA405884-53B4-4826-9C21-EC322E364E40}.Debug|ARM64.ActiveCfg = Debug|arm64
		{FA405884-53B4-4826-9C21-EC322E364E40}.Debug|ARM64.Build.0 = Debug|arm64
		{FA405884-53B4-4826-9C21-EC322E364E40}.Debug|x64.ActiveCfg = Debug|x64
		{FA405884-53B4-4826-9C21-EC322E364E40}.Debug|x64.Build.0 = Debug|x64
		{FA405884-53B4-4826-9C21-EC322E364E40}.Debug|x86.ActiveCfg = Debug|x86
		{FA405884-53B4-4826-9C21-EC322E364E40}.Debug|x86.Build.0 = Debug|x86
		{FA405884-53B4-4826-9C21-EC322E364E40}.Release|Any CPU.ActiveCfg = Release|x86
		{FA405884-53B4-4826-9C21-EC322E364E40}.Release|ARM.ActiveCfg = Release|x86
		{FA405884-53B4-4826-9C21-EC322E364E40}.Release|ARM64.ActiveCfg = Release|arm64
		{FA405884-53B4-4826-9C21-EC322E364E40}.Release|ARM64.Build.0 = Release|arm64
		{FA405884-53B4-4826-9C21-EC322E364E40}.Release|x64.ActiveCfg = Release|x64
		{FA405884-53B4-4826-9C21-EC322E364E40}.Release|x64.Build.0 = Release|x64
		{FA405884-53B4-4826-9C21-EC322E364E40}.Release|x86.ActiveCfg = Release|x86
		{FA405884-53B4-4826-9C21-EC322E364E40}.Release|x86.Build.0 = Release|x86
		{52AF0184-5EFF-4AAB-9D33-F380A13E2B4D}.Debug|Any CPU.ActiveCfg = Debug|x86
		{52AF0184-5EFF-4AAB-9D33-F380A13E2B4D}.Debug|ARM.ActiveCfg = Debug|ARM
		{52AF0184-5EFF-4AAB-9D33-F380A13E2B4D}.Debug|ARM.Build.0 = Debug|ARM
		{52AF0184-5EFF-4AAB-9D33-F380A13E2B4D}.Debug|ARM.Deploy.0 = Debug|ARM
		{52AF0184-5EFF-4AAB-9D33-F380A13E2B4D}.Debug|ARM64.ActiveCfg = Debug|ARM64
		{52AF0184-5EFF-4AAB-9D33-F380A13E2B4D}.Debug|ARM64.Build.0 = Debug|ARM64
		{52AF0184-5EFF-4AAB-9D33-F380A13E2B4D}.Debug|ARM64.Deploy.0 = Debug|ARM64
		{52AF0184-5EFF-4AAB-9D33-F380A13E2B4D}.Debug|x64.ActiveCfg = Debug|x64
		{52AF0184-5EFF-4AAB-9D33-F380A13E2B4D}.Debug|x64.Build.0 = Debug|x64
		{52AF0184-5EFF-4AAB-9D33-F380A13E2B4D}.Debug|x64.Deploy.0 = Debug|x64
		{52AF0184-5EFF-4AAB-9D33-F380A13E2B4D}.Debug|x86.ActiveCfg = Debug|x86
		{52AF0184-5EFF-4AAB-9D33-F380A13E2B4D}.Debug|x86.Build.0 = Debug|x86
		{52AF0184-5EFF-4AAB-9D33-F380A13E2B4D}.Debug|x86.Deploy.0 = Debug|x86
		{52AF0184-5EFF-4AAB-9D33-F380A13E2B4D}.Release|Any CPU.ActiveCfg = Release|x86
		{52AF0184-5EFF-4AAB-9D33-F380A13E2B4D}.Release|ARM.ActiveCfg = Release|ARM
		{52AF0184-5EFF-4AAB-9D33-F380A13E2B4D}.Release|ARM.Build.0 = Release|ARM
		{52AF0184-5EFF-4AAB-9D33-F380A13E2B4D}.Release|ARM.Deploy.0 = Release|ARM
		{52AF0184-5EFF-4AAB-9D33-F380A13E2B4D}.Release|ARM64.ActiveCfg = Release|ARM64
		{52AF0184-5EFF-4AAB-9D33-F380A13E2B4D}.Release|ARM64.Build.0 = Release|ARM64
		{52AF0184-5EFF-4AAB-9D33-F380A13E2B4D}.Release|ARM64.Deploy.0 = Release|ARM64
		{52AF0184-5EFF-4AAB-9D33-F380A13E2B4D}.Release|x64.ActiveCfg = Release|x64
		{52AF0184-5EFF-4AAB-9D33-F380A13E2B4D}.Release|x64.Build.0 = Release|x64
		{52AF0184-5EFF-4AAB-9D33-F380A13E2B4D}.Release|x64.Deploy.0 = Release|x64
		{52AF0184-5EFF-4AAB-9D33-F380A13E2B4D}.Release|x86.ActiveCfg = Release|x86
		{52AF0184-5EFF-4AAB-9D33-F380A13E2B4D}.Release|x86.Build.0 = Release|x86
		{52AF0184-5EFF-4AAB-9D33-F380A13E2B4D}.Release|x86.Deploy.0 = Release|x86
		{7769D9D1-55B9-4870-86A3-CF98D490DBD9}.Debug|Any CPU.ActiveCfg = Debug|x86
		{7769D9D1-55B9-4870-86A3-CF98D490DBD9}.Debug|ARM.ActiveCfg = Debug|x86
		{7769D9D1-55B9-4870-86A3-CF98D490DBD9}.Debug|ARM64.ActiveCfg = Debug|arm64
		{7769D9D1-55B9-4870-86A3-CF98D490DBD9}.Debug|ARM64.Build.0 = Debug|arm64
		{7769D9D1-55B9-4870-86A3-CF98D490DBD9}.Debug|ARM64.Deploy.0 = Debug|arm64
		{7769D9D1-55B9-4870-86A3-CF98D490DBD9}.Debug|x64.ActiveCfg = Debug|x64
		{7769D9D1-55B9-4870-86A3-CF98D490DBD9}.Debug|x64.Build.0 = Debug|x64
		{7769D9D1-55B9-4870-86A3-CF98D490DBD9}.Debug|x64.Deploy.0 = Debug|x64
		{7769D9D1-55B9-4870-86A3-CF98D490DBD9}.Debug|x86.ActiveCfg = Debug|x86
		{7769D9D1-55B9-4870-86A3-CF98D490DBD9}.Debug|x86.Build.0 = Debug|x86
		{7769D9D1-55B9-4870-86A3-CF98D490DBD9}.Debug|x86.Deploy.0 = Debug|x86
		{7769D9D1-55B9-4870-86A3-CF98D490DBD9}.Release|Any CPU.ActiveCfg = Release|x86
		{7769D9D1-55B9-4870-86A3-CF98D490DBD9}.Release|ARM.ActiveCfg = Release|x86
		{7769D9D1-55B9-4870-86A3-CF98D490DBD9}.Release|ARM64.ActiveCfg = Release|arm64
		{7769D9D1-55B9-4870-86A3-CF98D490DBD9}.Release|ARM64.Build.0 = Release|arm64
		{7769D9D1-55B9-4870-86A3-CF98D490DBD9}.Release|ARM64.Deploy.0 = Release|arm64
		{7769D9D1-55B9-4870-86A3-CF98D490DBD9}.Release|x64.ActiveCfg = Release|x64
		{7769D9D1-55B9-4870-86A3-CF98D490DBD9}.Release|x64.Build.0 = Release|x64
		{7769D9D1-55B9-4870-86A3-CF98D490DBD9}.Release|x64.Deploy.0 = Release|x64
		{7769D9D1-55B9-4870-86A3-CF98D490DBD9}.Release|x86.ActiveCfg = Release|x86
		{7769D9D1-55B9-4870-86A3-CF98D490DBD9}.Release|x86.Build.0 = Release|x86
		{7769D9D1-55B9-4870-86A3-CF98D490DBD9}.Release|x86.Deploy.0 = Release|x86
		{584FEB0E-3C96-4EFB-BC29-C9952D0A6F79}.Debug|Any CPU.ActiveCfg = Debug|x86
		{584FEB0E-3C96-4EFB-BC29-C9952D0A6F79}.Debug|ARM.ActiveCfg = Debug|x86
		{584FEB0E-3C96-4EFB-BC29-C9952D0A6F79}.Debug|ARM64.ActiveCfg = Debug|arm64
		{584FEB0E-3C96-4EFB-BC29-C9952D0A6F79}.Debug|ARM64.Build.0 = Debug|arm64
		{584FEB0E-3C96-4EFB-BC29-C9952D0A6F79}.Debug|x64.ActiveCfg = Debug|x64
		{584FEB0E-3C96-4EFB-BC29-C9952D0A6F79}.Debug|x64.Build.0 = Debug|x64
		{584FEB0E-3C96-4EFB-BC29-C9952D0A6F79}.Debug|x86.ActiveCfg = Debug|x86
		{584FEB0E-3C96-4EFB-BC29-C9952D0A6F79}.Debug|x86.Build.0 = Debug|x86
		{584FEB0E-3C96-4EFB-BC29-C9952D0A6F79}.Release|Any CPU.ActiveCfg = Release|x86
		{584FEB0E-3C96-4EFB-BC29-C9952D0A6F79}.Release|ARM.ActiveCfg = Release|x86
		{584FEB0E-3C96-4EFB-BC29-C9952D0A6F79}.Release|ARM64.ActiveCfg = Release|arm64
		{584FEB0E-3C96-4EFB-BC29-C9952D0A6F79}.Release|ARM64.Build.0 = Release|arm64
		{584FEB0E-3C96-4EFB-BC29-C9952D0A6F79}.Release|x64.ActiveCfg = Release|x64
		{584FEB0E-3C96-4EFB-BC29-C9952D0A6F79}.Release|x64.Build.0 = Release|x64
		{584FEB0E-3C96-4EFB-BC29-C9952D0A6F79}.Release|x86.ActiveCfg = Release|x86
		{584FEB0E-3C96-4EFB-BC29-C9952D0A6F79}.Release|x86.Build.0 = Release|x86
		{0C9BEE51-4464-4D16-8FCA-0E9EE7A898CE}.Debug|Any CPU.ActiveCfg = Debug|x86
		{0C9BEE51-4464-4D16-8FCA-0E9EE7A898CE}.Debug|ARM.ActiveCfg = Debug|ARM
		{0C9BEE51-4464-4D16-8FCA-0E9EE7A898CE}.Debug|ARM.Build.0 = Debug|ARM
		{0C9BEE51-4464-4D16-8FCA-0E9EE7A898CE}.Debug|ARM.Deploy.0 = Debug|ARM
		{0C9BEE51-4464-4D16-8FCA-0E9EE7A898CE}.Debug|ARM64.ActiveCfg = Debug|ARM64
		{0C9BEE51-4464-4D16-8FCA-0E9EE7A898CE}.Debug|ARM64.Build.0 = Debug|ARM64
		{0C9BEE51-4464-4D16-8FCA-0E9EE7A898CE}.Debug|ARM64.Deploy.0 = Debug|ARM64
		{0C9BEE51-4464-4D16-8FCA-0E9EE7A898CE}.Debug|x64.ActiveCfg = Debug|x64
		{0C9BEE51-4464-4D16-8FCA-0E9EE7A898CE}.Debug|x64.Build.0 = Debug|x64
		{0C9BEE51-4464-4D16-8FCA-0E9EE7A898CE}.Debug|x64.Deploy.0 = Debug|x64
		{0C9BEE51-4464-4D16-8FCA-0E9EE7A898CE}.Debug|x86.ActiveCfg = Debug|x86
		{0C9BEE51-4464-4D16-8FCA-0E9EE7A898CE}.Debug|x86.Build.0 = Debug|x86
		{0C9BEE51-4464-4D16-8FCA-0E9EE7A898CE}.Debug|x86.Deploy.0 = Debug|x86
		{0C9BEE51-4464-4D16-8FCA-0E9EE7A898CE}.Release|Any CPU.ActiveCfg = Release|x86
		{0C9BEE51-4464-4D16-8FCA-0E9EE7A898CE}.Release|ARM.ActiveCfg = Release|ARM
		{0C9BEE51-4464-4D16-8FCA-0E9EE7A898CE}.Release|ARM.Build.0 = Release|ARM
		{0C9BEE51-4464-4D16-8FCA-0E9EE7A898CE}.Release|ARM.Deploy.0 = Release|ARM
		{0C9BEE51-4464-4D16-8FCA-0E9EE7A898CE}.Release|ARM64.ActiveCfg = Release|ARM64
		{0C9BEE51-4464-4D16-8FCA-0E9EE7A898CE}.Release|ARM64.Build.0 = Release|ARM64
		{0C9BEE51-4464-4D16-8FCA-0E9EE7A898CE}.Release|ARM64.Deploy.0 = Release|ARM64
		{0C9BEE51-4464-4D16-8FCA-0E9EE7A898CE}.Release|x64.ActiveCfg = Release|x64
		{0C9BEE51-4464-4D16-8FCA-0E9EE7A898CE}.Release|x64.Build.0 = Release|x64
		{0C9BEE51-4464-4D16-8FCA-0E9EE7A898CE}.Release|x64.Deploy.0 = Release|x64
		{0C9BEE51-4464-4D16-8FCA-0E9EE7A898CE}.Release|x86.ActiveCfg = Release|x86
		{0C9BEE51-4464-4D16-8FCA-0E9EE7A898CE}.Release|x86.Build.0 = Release|x86
		{0C9BEE51-4464-4D16-8FCA-0E9EE7A898CE}.Release|x86.Deploy.0 = Release|x86
		{78DA8A7C-7D9B-491D-B297-5D1B2C8B9D55}.Debug|Any CPU.ActiveCfg = Debug|x86
		{78DA8A7C-7D9B-491D-B297-5D1B2C8B9D55}.Debug|ARM.ActiveCfg = Debug|x86
		{78DA8A7C-7D9B-491D-B297-5D1B2C8B9D55}.Debug|ARM64.ActiveCfg = Debug|arm64
		{78DA8A7C-7D9B-491D-B297-5D1B2C8B9D55}.Debug|ARM64.Build.0 = Debug|arm64
		{78DA8A7C-7D9B-491D-B297-5D1B2C8B9D55}.Debug|ARM64.Deploy.0 = Debug|arm64
		{78DA8A7C-7D9B-491D-B297-5D1B2C8B9D55}.Debug|x64.ActiveCfg = Debug|x64
		{78DA8A7C-7D9B-491D-B297-5D1B2C8B9D55}.Debug|x64.Build.0 = Debug|x64
		{78DA8A7C-7D9B-491D-B297-5D1B2C8B9D55}.Debug|x64.Deploy.0 = Debug|x64
		{78DA8A7C-7D9B-491D-B297-5D1B2C8B9D55}.Debug|x86.ActiveCfg = Debug|x86
		{78DA8A7C-7D9B-491D-B297-5D1B2C8B9D55}.Debug|x86.Build.0 = Debug|x86
		{78DA8A7C-7D9B-491D-B297-5D1B2C8B9D55}.Debug|x86.Deploy.0 = Debug|x86
		{78DA8A7C-7D9B-491D-B297-5D1B2C8B9D55}.Release|Any CPU.ActiveCfg = Release|x86
		{78DA8A7C-7D9B-491D-B297-5D1B2C8B9D55}.Release|ARM.ActiveCfg = Release|x86
		{78DA8A7C-7D9B-491D-B297-5D1B2C8B9D55}.Release|ARM64.ActiveCfg = Release|arm64
		{78DA8A7C-7D9B-491D-B297-5D1B2C8B9D55}.Release|ARM64.Build.0 = Release|arm64
		{78DA8A7C-7D9B-491D-B297-5D1B2C8B9D55}.Release|ARM64.Deploy.0 = Release|arm64
		{78DA8A7C-7D9B-491D-B297-5D1B2C8B9D55}.Release|x64.ActiveCfg = Release|x64
		{78DA8A7C-7D9B-491D-B297-5D1B2C8B9D55}.Release|x64.Build.0 = Release|x64
		{78DA8A7C-7D9B-491D-B297-5D1B2C8B9D55}.Release|x64.Deploy.0 = Release|x64
		{78DA8A7C-7D9B-491D-B297-5D1B2C8B9D55}.Release|x86.ActiveCfg = Release|x86
		{78DA8A7C-7D9B-491D-B297-5D1B2C8B9D55}.Release|x86.Build.0 = Release|x86
		{78DA8A7C-7D9B-491D-B297-5D1B2C8B9D55}.Release|x86.Deploy.0 = Release|x86
		{AE4420DD-D074-45E2-B76C-D69B45304E0D}.Debug|Any CPU.ActiveCfg = Debug|x86
		{AE4420DD-D074-45E2-B76C-D69B45304E0D}.Debug|ARM.ActiveCfg = Debug|x86
		{AE4420DD-D074-45E2-B76C-D69B45304E0D}.Debug|ARM64.ActiveCfg = Debug|arm64
		{AE4420DD-D074-45E2-B76C-D69B45304E0D}.Debug|ARM64.Build.0 = Debug|arm64
		{AE4420DD-D074-45E2-B76C-D69B45304E0D}.Debug|x64.ActiveCfg = Debug|x64
		{AE4420DD-D074-45E2-B76C-D69B45304E0D}.Debug|x64.Build.0 = Debug|x64
		{AE4420DD-D074-45E2-B76C-D69B45304E0D}.Debug|x86.ActiveCfg = Debug|x86
		{AE4420DD-D074-45E2-B76C-D69B45304E0D}.Debug|x86.Build.0 = Debug|x86
		{AE4420DD-D074-45E2-B76C-D69B45304E0D}.Release|Any CPU.ActiveCfg = Release|x86
		{AE4420DD-D074-45E2-B76C-D69B45304E0D}.Release|ARM.ActiveCfg = Release|x86
		{AE4420DD-D074-45E2-B76C-D69B45304E0D}.Release|ARM64.ActiveCfg = Release|arm64
		{AE4420DD-D074-45E2-B76C-D69B45304E0D}.Release|ARM64.Build.0 = Release|arm64
		{AE4420DD-D074-45E2-B76C-D69B45304E0D}.Release|x64.ActiveCfg = Release|x64
		{AE4420DD-D074-45E2-B76C-D69B45304E0D}.Release|x64.Build.0 = Release|x64
		{AE4420DD-D074-45E2-B76C-D69B45304E0D}.Release|x86.ActiveCfg = Release|x86
		{AE4420DD-D074-45E2-B76C-D69B45304E0D}.Release|x86.Build.0 = Release|x86
		{A09CA3C7-FD8E-4748-9002-F4F6FF6CA520}.Debug|Any CPU.ActiveCfg = Debug|x86
		{A09CA3C7-FD8E-4748-9002-F4F6FF6CA520}.Debug|ARM.ActiveCfg = Debug|ARM
		{A09CA3C7-FD8E-4748-9002-F4F6FF6CA520}.Debug|ARM.Build.0 = Debug|ARM
		{A09CA3C7-FD8E-4748-9002-F4F6FF6CA520}.Debug|ARM.Deploy.0 = Debug|ARM
		{A09CA3C7-FD8E-4748-9002-F4F6FF6CA520}.Debug|ARM64.ActiveCfg = Debug|ARM64
		{A09CA3C7-FD8E-4748-9002-F4F6FF6CA520}.Debug|ARM64.Build.0 = Debug|ARM64
		{A09CA3C7-FD8E-4748-9002-F4F6FF6CA520}.Debug|ARM64.Deploy.0 = Debug|ARM64
		{A09CA3C7-FD8E-4748-9002-F4F6FF6CA520}.Debug|x64.ActiveCfg = Debug|x64
		{A09CA3C7-FD8E-4748-9002-F4F6FF6CA520}.Debug|x64.Build.0 = Debug|x64
		{A09CA3C7-FD8E-4748-9002-F4F6FF6CA520}.Debug|x64.Deploy.0 = Debug|x64
		{A09CA3C7-FD8E-4748-9002-F4F6FF6CA520}.Debug|x86.ActiveCfg = Debug|x86
		{A09CA3C7-FD8E-4748-9002-F4F6FF6CA520}.Debug|x86.Build.0 = Debug|x86
		{A09CA3C7-FD8E-4748-9002-F4F6FF6CA520}.Debug|x86.Deploy.0 = Debug|x86
		{A09CA3C7-FD8E-4748-9002-F4F6FF6CA520}.Release|Any CPU.ActiveCfg = Release|x86
		{A09CA3C7-FD8E-4748-9002-F4F6FF6CA520}.Release|ARM.ActiveCfg = Release|ARM
		{A09CA3C7-FD8E-4748-9002-F4F6FF6CA520}.Release|ARM.Build.0 = Release|ARM
		{A09CA3C7-FD8E-4748-9002-F4F6FF6CA520}.Release|ARM.Deploy.0 = Release|ARM
		{A09CA3C7-FD8E-4748-9002-F4F6FF6CA520}.Release|ARM64.ActiveCfg = Release|ARM64
		{A09CA3C7-FD8E-4748-9002-F4F6FF6CA520}.Release|ARM64.Build.0 = Release|ARM64
		{A09CA3C7-FD8E-4748-9002-F4F6FF6CA520}.Release|ARM64.Deploy.0 = Release|ARM64
		{A09CA3C7-FD8E-4748-9002-F4F6FF6CA520}.Release|x64.ActiveCfg = Release|x64
		{A09CA3C7-FD8E-4748-9002-F4F6FF6CA520}.Release|x64.Build.0 = Release|x64
		{A09CA3C7-FD8E-4748-9002-F4F6FF6CA520}.Release|x64.Deploy.0 = Release|x64
		{A09CA3C7-FD8E-4748-9002-F4F6FF6CA520}.Release|x86.ActiveCfg = Release|x86
		{A09CA3C7-FD8E-4748-9002-F4F6FF6CA520}.Release|x86.Build.0 = Release|x86
		{A09CA3C7-FD8E-4748-9002-F4F6FF6CA520}.Release|x86.Deploy.0 = Release|x86
		{0F5AC02B-041F-44F8-AA4A-3B1485D94F7B}.Debug|Any CPU.ActiveCfg = Debug|x86
		{0F5AC02B-041F-44F8-AA4A-3B1485D94F7B}.Debug|ARM.ActiveCfg = Debug|x86
		{0F5AC02B-041F-44F8-AA4A-3B1485D94F7B}.Debug|ARM64.ActiveCfg = Debug|arm64
		{0F5AC02B-041F-44F8-AA4A-3B1485D94F7B}.Debug|ARM64.Build.0 = Debug|arm64
		{0F5AC02B-041F-44F8-AA4A-3B1485D94F7B}.Debug|ARM64.Deploy.0 = Debug|arm64
		{0F5AC02B-041F-44F8-AA4A-3B1485D94F7B}.Debug|x64.ActiveCfg = Debug|x64
		{0F5AC02B-041F-44F8-AA4A-3B1485D94F7B}.Debug|x64.Build.0 = Debug|x64
		{0F5AC02B-041F-44F8-AA4A-3B1485D94F7B}.Debug|x64.Deploy.0 = Debug|x64
		{0F5AC02B-041F-44F8-AA4A-3B1485D94F7B}.Debug|x86.ActiveCfg = Debug|x86
		{0F5AC02B-041F-44F8-AA4A-3B1485D94F7B}.Debug|x86.Build.0 = Debug|x86
		{0F5AC02B-041F-44F8-AA4A-3B1485D94F7B}.Debug|x86.Deploy.0 = Debug|x86
		{0F5AC02B-041F-44F8-AA4A-3B1485D94F7B}.Release|Any CPU.ActiveCfg = Release|x86
		{0F5AC02B-041F-44F8-AA4A-3B1485D94F7B}.Release|ARM.ActiveCfg = Release|x86
		{0F5AC02B-041F-44F8-AA4A-3B1485D94F7B}.Release|ARM64.ActiveCfg = Release|arm64
		{0F5AC02B-041F-44F8-AA4A-3B1485D94F7B}.Release|ARM64.Build.0 = Release|arm64
		{0F5AC02B-041F-44F8-AA4A-3B1485D94F7B}.Release|ARM64.Deploy.0 = Release|arm64
		{0F5AC02B-041F-44F8-AA4A-3B1485D94F7B}.Release|x64.ActiveCfg = Release|x64
		{0F5AC02B-041F-44F8-AA4A-3B1485D94F7B}.Release|x64.Build.0 = Release|x64
		{0F5AC02B-041F-44F8-AA4A-3B1485D94F7B}.Release|x64.Deploy.0 = Release|x64
		{0F5AC02B-041F-44F8-AA4A-3B1485D94F7B}.Release|x86.ActiveCfg = Release|x86
		{0F5AC02B-041F-44F8-AA4A-3B1485D94F7B}.Release|x86.Build.0 = Release|x86
		{0F5AC02B-041F-44F8-AA4A-3B1485D94F7B}.Release|x86.Deploy.0 = Release|x86
		{F0A492FD-2F7B-4E31-AF10-9A06167E9588}.Debug|Any CPU.ActiveCfg = Debug|x86
		{F0A492FD-2F7B-4E31-AF10-9A06167E9588}.Debug|ARM.ActiveCfg = Debug|x86
		{F0A492FD-2F7B-4E31-AF10-9A06167E9588}.Debug|ARM64.ActiveCfg = Debug|arm64
		{F0A492FD-2F7B-4E31-AF10-9A06167E9588}.Debug|ARM64.Build.0 = Debug|arm64
		{F0A492FD-2F7B-4E31-AF10-9A06167E9588}.Debug|x64.ActiveCfg = Debug|x64
		{F0A492FD-2F7B-4E31-AF10-9A06167E9588}.Debug|x64.Build.0 = Debug|x64
		{F0A492FD-2F7B-4E31-AF10-9A06167E9588}.Debug|x86.ActiveCfg = Debug|x86
		{F0A492FD-2F7B-4E31-AF10-9A06167E9588}.Debug|x86.Build.0 = Debug|x86
		{F0A492FD-2F7B-4E31-AF10-9A06167E9588}.Release|Any CPU.ActiveCfg = Release|x86
		{F0A492FD-2F7B-4E31-AF10-9A06167E9588}.Release|ARM.ActiveCfg = Release|x86
		{F0A492FD-2F7B-4E31-AF10-9A06167E9588}.Release|ARM64.ActiveCfg = Release|arm64
		{F0A492FD-2F7B-4E31-AF10-9A06167E9588}.Release|ARM64.Build.0 = Release|arm64
		{F0A492FD-2F7B-4E31-AF10-9A06167E9588}.Release|x64.ActiveCfg = Release|x64
		{F0A492FD-2F7B-4E31-AF10-9A06167E9588}.Release|x64.Build.0 = Release|x64
		{F0A492FD-2F7B-4E31-AF10-9A06167E9588}.Release|x86.ActiveCfg = Release|x86
		{F0A492FD-2F7B-4E31-AF10-9A06167E9588}.Release|x86.Build.0 = Release|x86
		{648EAC37-5F62-43BC-8AB5-4064FCF51D18}.Debug|Any CPU.ActiveCfg = Debug|x86
		{648EAC37-5F62-43BC-8AB5-4064FCF51D18}.Debug|ARM.ActiveCfg = Debug|ARM
		{648EAC37-5F62-43BC-8AB5-4064FCF51D18}.Debug|ARM.Build.0 = Debug|ARM
		{648EAC37-5F62-43BC-8AB5-4064FCF51D18}.Debug|ARM.Deploy.0 = Debug|ARM
		{648EAC37-5F62-43BC-8AB5-4064FCF51D18}.Debug|ARM64.ActiveCfg = Debug|ARM64
		{648EAC37-5F62-43BC-8AB5-4064FCF51D18}.Debug|ARM64.Build.0 = Debug|ARM64
		{648EAC37-5F62-43BC-8AB5-4064FCF51D18}.Debug|ARM64.Deploy.0 = Debug|ARM64
		{648EAC37-5F62-43BC-8AB5-4064FCF51D18}.Debug|x64.ActiveCfg = Debug|x64
		{648EAC37-5F62-43BC-8AB5-4064FCF51D18}.Debug|x64.Build.0 = Debug|x64
		{648EAC37-5F62-43BC-8AB5-4064FCF51D18}.Debug|x64.Deploy.0 = Debug|x64
		{648EAC37-5F62-43BC-8AB5-4064FCF51D18}.Debug|x86.ActiveCfg = Debug|x86
		{648EAC37-5F62-43BC-8AB5-4064FCF51D18}.Debug|x86.Build.0 = Debug|x86
		{648EAC37-5F62-43BC-8AB5-4064FCF51D18}.Debug|x86.Deploy.0 = Debug|x86
		{648EAC37-5F62-43BC-8AB5-4064FCF51D18}.Release|Any CPU.ActiveCfg = Release|x86
		{648EAC37-5F62-43BC-8AB5-4064FCF51D18}.Release|ARM.ActiveCfg = Release|ARM
		{648EAC37-5F62-43BC-8AB5-4064FCF51D18}.Release|ARM.Build.0 = Release|ARM
		{648EAC37-5F62-43BC-8AB5-4064FCF51D18}.Release|ARM.Deploy.0 = Release|ARM
		{648EAC37-5F62-43BC-8AB5-4064FCF51D18}.Release|ARM64.ActiveCfg = Release|ARM64
		{648EAC37-5F62-43BC-8AB5-4064FCF51D18}.Release|ARM64.Build.0 = Release|ARM64
		{648EAC37-5F62-43BC-8AB5-4064FCF51D18}.Release|ARM64.Deploy.0 = Release|ARM64
		{648EAC37-5F62-43BC-8AB5-4064FCF51D18}.Release|x64.ActiveCfg = Release|x64
		{648EAC37-5F62-43BC-8AB5-4064FCF51D18}.Release|x64.Build.0 = Release|x64
		{648EAC37-5F62-43BC-8AB5-4064FCF51D18}.Release|x64.Deploy.0 = Release|x64
		{648EAC37-5F62-43BC-8AB5-4064FCF51D18}.Release|x86.ActiveCfg = Release|x86
		{648EAC37-5F62-43BC-8AB5-4064FCF51D18}.Release|x86.Build.0 = Release|x86
		{648EAC37-5F62-43BC-8AB5-4064FCF51D18}.Release|x86.Deploy.0 = Release|x86
		{CFCD251C-4F34-459C-B3A0-9D312D4A24F4}.Debug|Any CPU.ActiveCfg = Debug|x86
		{CFCD251C-4F34-459C-B3A0-9D312D4A24F4}.Debug|ARM.ActiveCfg = Debug|x86
		{CFCD251C-4F34-459C-B3A0-9D312D4A24F4}.Debug|ARM64.ActiveCfg = Debug|arm64
		{CFCD251C-4F34-459C-B3A0-9D312D4A24F4}.Debug|ARM64.Build.0 = Debug|arm64
		{CFCD251C-4F34-459C-B3A0-9D312D4A24F4}.Debug|ARM64.Deploy.0 = Debug|arm64
		{CFCD251C-4F34-459C-B3A0-9D312D4A24F4}.Debug|x64.ActiveCfg = Debug|x64
		{CFCD251C-4F34-459C-B3A0-9D312D4A24F4}.Debug|x64.Build.0 = Debug|x64
		{CFCD251C-4F34-459C-B3A0-9D312D4A24F4}.Debug|x64.Deploy.0 = Debug|x64
		{CFCD251C-4F34-459C-B3A0-9D312D4A24F4}.Debug|x86.ActiveCfg = Debug|x86
		{CFCD251C-4F34-459C-B3A0-9D312D4A24F4}.Debug|x86.Build.0 = Debug|x86
		{CFCD251C-4F34-459C-B3A0-9D312D4A24F4}.Debug|x86.Deploy.0 = Debug|x86
		{CFCD251C-4F34-459C-B3A0-9D312D4A24F4}.Release|Any CPU.ActiveCfg = Release|x86
		{CFCD251C-4F34-459C-B3A0-9D312D4A24F4}.Release|ARM.ActiveCfg = Release|x86
		{CFCD251C-4F34-459C-B3A0-9D312D4A24F4}.Release|ARM64.ActiveCfg = Release|arm64
		{CFCD251C-4F34-459C-B3A0-9D312D4A24F4}.Release|ARM64.Build.0 = Release|arm64
		{CFCD251C-4F34-459C-B3A0-9D312D4A24F4}.Release|ARM64.Deploy.0 = Release|arm64
		{CFCD251C-4F34-459C-B3A0-9D312D4A24F4}.Release|x64.ActiveCfg = Release|x64
		{CFCD251C-4F34-459C-B3A0-9D312D4A24F4}.Release|x64.Build.0 = Release|x64
		{CFCD251C-4F34-459C-B3A0-9D312D4A24F4}.Release|x64.Deploy.0 = Release|x64
		{CFCD251C-4F34-459C-B3A0-9D312D4A24F4}.Release|x86.ActiveCfg = Release|x86
		{CFCD251C-4F34-459C-B3A0-9D312D4A24F4}.Release|x86.Build.0 = Release|x86
		{CFCD251C-4F34-459C-B3A0-9D312D4A24F4}.Release|x86.Deploy.0 = Release|x86
		{3024D162-4A64-485A-A64B-C962D01437FB}.Debug|Any CPU.ActiveCfg = Debug|x86
		{3024D162-4A64-485A-A64B-C962D01437FB}.Debug|ARM.ActiveCfg = Debug|x86
		{3024D162-4A64-485A-A64B-C962D01437FB}.Debug|ARM64.ActiveCfg = Debug|arm64
		{3024D162-4A64-485A-A64B-C962D01437FB}.Debug|ARM64.Build.0 = Debug|arm64
		{3024D162-4A64-485A-A64B-C962D01437FB}.Debug|x64.ActiveCfg = Debug|x64
		{3024D162-4A64-485A-A64B-C962D01437FB}.Debug|x64.Build.0 = Debug|x64
		{3024D162-4A64-485A-A64B-C962D01437FB}.Debug|x86.ActiveCfg = Debug|x86
		{3024D162-4A64-485A-A64B-C962D01437FB}.Debug|x86.Build.0 = Debug|x86
		{3024D162-4A64-485A-A64B-C962D01437FB}.Release|Any CPU.ActiveCfg = Release|x86
		{3024D162-4A64-485A-A64B-C962D01437FB}.Release|ARM.ActiveCfg = Release|x86
		{3024D162-4A64-485A-A64B-C962D01437FB}.Release|ARM64.ActiveCfg = Release|arm64
		{3024D162-4A64-485A-A64B-C962D01437FB}.Release|ARM64.Build.0 = Release|arm64
		{3024D162-4A64-485A-A64B-C962D01437FB}.Release|x64.ActiveCfg = Release|x64
		{3024D162-4A64-485A-A64B-C962D01437FB}.Release|x64.Build.0 = Release|x64
		{3024D162-4A64-485A-A64B-C962D01437FB}.Release|x86.ActiveCfg = Release|x86
		{3024D162-4A64-485A-A64B-C962D01437FB}.Release|x86.Build.0 = Release|x86
		{F5190CEE-2C4D-4B36-A0E0-65E8F2683562}.Debug|Any CPU.ActiveCfg = Debug|x86
		{F5190CEE-2C4D-4B36-A0E0-65E8F2683562}.Debug|ARM.ActiveCfg = Debug|ARM
		{F5190CEE-2C4D-4B36-A0E0-65E8F2683562}.Debug|ARM.Build.0 = Debug|ARM
		{F5190CEE-2C4D-4B36-A0E0-65E8F2683562}.Debug|ARM.Deploy.0 = Debug|ARM
		{F5190CEE-2C4D-4B36-A0E0-65E8F2683562}.Debug|ARM64.ActiveCfg = Debug|ARM64
		{F5190CEE-2C4D-4B36-A0E0-65E8F2683562}.Debug|ARM64.Build.0 = Debug|ARM64
		{F5190CEE-2C4D-4B36-A0E0-65E8F2683562}.Debug|ARM64.Deploy.0 = Debug|ARM64
		{F5190CEE-2C4D-4B36-A0E0-65E8F2683562}.Debug|x64.ActiveCfg = Debug|x64
		{F5190CEE-2C4D-4B36-A0E0-65E8F2683562}.Debug|x64.Build.0 = Debug|x64
		{F5190CEE-2C4D-4B36-A0E0-65E8F2683562}.Debug|x64.Deploy.0 = Debug|x64
		{F5190CEE-2C4D-4B36-A0E0-65E8F2683562}.Debug|x86.ActiveCfg = Debug|x86
		{F5190CEE-2C4D-4B36-A0E0-65E8F2683562}.Debug|x86.Build.0 = Debug|x86
		{F5190CEE-2C4D-4B36-A0E0-65E8F2683562}.Debug|x86.Deploy.0 = Debug|x86
		{F5190CEE-2C4D-4B36-A0E0-65E8F2683562}.Release|Any CPU.ActiveCfg = Release|x86
		{F5190CEE-2C4D-4B36-A0E0-65E8F2683562}.Release|ARM.ActiveCfg = Release|ARM
		{F5190CEE-2C4D-4B36-A0E0-65E8F2683562}.Release|ARM.Build.0 = Release|ARM
		{F5190CEE-2C4D-4B36-A0E0-65E8F2683562}.Release|ARM.Deploy.0 = Release|ARM
		{F5190CEE-2C4D-4B36-A0E0-65E8F2683562}.Release|ARM64.ActiveCfg = Release|ARM64
		{F5190CEE-2C4D-4B36-A0E0-65E8F2683562}.Release|ARM64.Build.0 = Release|ARM64
		{F5190CEE-2C4D-4B36-A0E0-65E8F2683562}.Release|ARM64.Deploy.0 = Release|ARM64
		{F5190CEE-2C4D-4B36-A0E0-65E8F2683562}.Release|x64.ActiveCfg = Release|x64
		{F5190CEE-2C4D-4B36-A0E0-65E8F2683562}.Release|x64.Build.0 = Release|x64
		{F5190CEE-2C4D-4B36-A0E0-65E8F2683562}.Release|x64.Deploy.0 = Release|x64
		{F5190CEE-2C4D-4B36-A0E0-65E8F2683562}.Release|x86.ActiveCfg = Release|x86
		{F5190CEE-2C4D-4B36-A0E0-65E8F2683562}.Release|x86.Build.0 = Release|x86
		{F5190CEE-2C4D-4B36-A0E0-65E8F2683562}.Release|x86.Deploy.0 = Release|x86
		{AA9ED44B-2C7D-48FC-8B08-CDE6EE046FBC}.Debug|Any CPU.ActiveCfg = Debug|x86
		{AA9ED44B-2C7D-48FC-8B08-CDE6EE046FBC}.Debug|ARM.ActiveCfg = Debug|x86
		{AA9ED44B-2C7D-48FC-8B08-CDE6EE046FBC}.Debug|ARM64.ActiveCfg = Debug|arm64
		{AA9ED44B-2C7D-48FC-8B08-CDE6EE046FBC}.Debug|ARM64.Build.0 = Debug|arm64
		{AA9ED44B-2C7D-48FC-8B08-CDE6EE046FBC}.Debug|ARM64.Deploy.0 = Debug|arm64
		{AA9ED44B-2C7D-48FC-8B08-CDE6EE046FBC}.Debug|x64.ActiveCfg = Debug|x64
		{AA9ED44B-2C7D-48FC-8B08-CDE6EE046FBC}.Debug|x64.Build.0 = Debug|x64
		{AA9ED44B-2C7D-48FC-8B08-CDE6EE046FBC}.Debug|x64.Deploy.0 = Debug|x64
		{AA9ED44B-2C7D-48FC-8B08-CDE6EE046FBC}.Debug|x86.ActiveCfg = Debug|x86
		{AA9ED44B-2C7D-48FC-8B08-CDE6EE046FBC}.Debug|x86.Build.0 = Debug|x86
		{AA9ED44B-2C7D-48FC-8B08-CDE6EE046FBC}.Debug|x86.Deploy.0 = Debug|x86
		{AA9ED44B-2C7D-48FC-8B08-CDE6EE046FBC}.Release|Any CPU.ActiveCfg = Release|x86
		{AA9ED44B-2C7D-48FC-8B08-CDE6EE046FBC}.Release|ARM.ActiveCfg = Release|x86
		{AA9ED44B-2C7D-48FC-8B08-CDE6EE046FBC}.Release|ARM64.ActiveCfg = Release|arm64
		{AA9ED44B-2C7D-48FC-8B08-CDE6EE046FBC}.Release|ARM64.Build.0 = Release|arm64
		{AA9ED44B-2C7D-48FC-8B08-CDE6EE046FBC}.Release|ARM64.Deploy.0 = Release|arm64
		{AA9ED44B-2C7D-48FC-8B08-CDE6EE046FBC}.Release|x64.ActiveCfg = Release|x64
		{AA9ED44B-2C7D-48FC-8B08-CDE6EE046FBC}.Release|x64.Build.0 = Release|x64
		{AA9ED44B-2C7D-48FC-8B08-CDE6EE046FBC}.Release|x64.Deploy.0 = Release|x64
		{AA9ED44B-2C7D-48FC-8B08-CDE6EE046FBC}.Release|x86.ActiveCfg = Release|x86
		{AA9ED44B-2C7D-48FC-8B08-CDE6EE046FBC}.Release|x86.Build.0 = Release|x86
		{AA9ED44B-2C7D-48FC-8B08-CDE6EE046FBC}.Release|x86.Deploy.0 = Release|x86
		{49B3B3B7-833E-475F-824D-193C57D6C343}.Debug|Any CPU.ActiveCfg = Debug|x86
		{49B3B3B7-833E-475F-824D-193C57D6C343}.Debug|ARM.ActiveCfg = Debug|x86
		{49B3B3B7-833E-475F-824D-193C57D6C343}.Debug|ARM64.ActiveCfg = Debug|arm64
		{49B3B3B7-833E-475F-824D-193C57D6C343}.Debug|ARM64.Build.0 = Debug|arm64
		{49B3B3B7-833E-475F-824D-193C57D6C343}.Debug|x64.ActiveCfg = Debug|x64
		{49B3B3B7-833E-475F-824D-193C57D6C343}.Debug|x64.Build.0 = Debug|x64
		{49B3B3B7-833E-475F-824D-193C57D6C343}.Debug|x86.ActiveCfg = Debug|x86
		{49B3B3B7-833E-475F-824D-193C57D6C343}.Debug|x86.Build.0 = Debug|x86
		{49B3B3B7-833E-475F-824D-193C57D6C343}.Release|Any CPU.ActiveCfg = Release|x86
		{49B3B3B7-833E-475F-824D-193C57D6C343}.Release|ARM.ActiveCfg = Release|x86
		{49B3B3B7-833E-475F-824D-193C57D6C343}.Release|ARM64.ActiveCfg = Release|arm64
		{49B3B3B7-833E-475F-824D-193C57D6C343}.Release|ARM64.Build.0 = Release|arm64
		{49B3B3B7-833E-475F-824D-193C57D6C343}.Release|x64.ActiveCfg = Release|x64
		{49B3B3B7-833E-475F-824D-193C57D6C343}.Release|x64.Build.0 = Release|x64
		{49B3B3B7-833E-475F-824D-193C57D6C343}.Release|x86.ActiveCfg = Release|x86
		{49B3B3B7-833E-475F-824D-193C57D6C343}.Release|x86.Build.0 = Release|x86
	EndGlobalSection
	GlobalSection(SolutionProperties) = preSolution
		HideSolutionNode = FALSE
	EndGlobalSection
	GlobalSection(ExtensibilityGlobals) = postSolution
		SolutionGuid = {16DFDE28-B425-49FD-B52D-16643500BCB9}
	EndGlobalSection
EndGlobal
